
Microsoft Visual Studio Solution File, Format Version 12.00
# Visual Studio Version 17
VisualStudioVersion = 17.11.35327.3
MinimumVisualStudioVersion = 10.0.40219.1
Project("{FAE04EC0-301F-11D3-BF4B-00C04F79EFBC}") = "ClientesPro", "ClientesPro\ClientesPro.csproj", "{3430DAB4-6C05-428C-9F44-1AC3966531A2}"
EndProject
Global
	GlobalSection(SolutionConfigurationPlatforms) = preSolution
		Debug|Any CPU = Debug|Any CPU
		Release|Any CPU = Release|Any CPU
	EndGlobalSection
	GlobalSection(ProjectConfigurationPlatforms) = postSolution
		{3430DAB4-6C05-428C-9F44-1AC3966531A2}.Debug|Any CPU.ActiveCfg = Debug|Any CPU
		{3430DAB4-6C05-428C-9F44-1AC3966531A2}.Debug|Any CPU.Build.0 = Debug|Any CPU
		{3430DAB4-6C05-428C-9F44-1AC3966531A2}.Release|Any CPU.ActiveCfg = Release|Any CPU
		{3430DAB4-6C05-428C-9F44-1AC3966531A2}.Release|Any CPU.Build.0 = Release|Any CPU
	EndGlobalSection
	GlobalSection(SolutionProperties) = preSolution
		HideSolutionNode = FALSE
	EndGlobalSection
	GlobalSection(ExtensibilityGlobals) = postSolution
		SolutionGuid = {1AA2DAE8-37C3-4396-BEEE-45384CF20815}
	EndGlobalSection
EndGlobal
